
Microsoft Visual Studio Solution File, Format Version 12.00
# Visual Studio Version 17
VisualStudioVersion = 17.1.32421.90
MinimumVisualStudioVersion = 10.0.40219.1
Project("{9A19103F-16F7-4668-BE54-9A1E7A4F7556}") = "Cis.Domain", "Cis.Domain\Cis.Domain.csproj", "{85C91879-6C13-4AFF-9CEE-AC51FFE8484D}"
EndProject
Project("{9A19103F-16F7-4668-BE54-9A1E7A4F7556}") = "Cis.Persistance", "Cis.Persistance\Cis.Persistance.csproj", "{1D095E15-7524-456D-B23B-A420D8631975}"
EndProject
Project("{9A19103F-16F7-4668-BE54-9A1E7A4F7556}") = "Cis.WebApi", "Cis.WebApi\Cis.WebApi.csproj", "{9E45F8B4-EADC-4C35-A85C-7446CAD98606}"
EndProject
Project("{9A19103F-16F7-4668-BE54-9A1E7A4F7556}") = "Contracts", "Contracts\Contracts.csproj", "{8F016D98-B9EA-4EF8-B0F1-8D9B6FB5835E}"
EndProject
Project("{9A19103F-16F7-4668-BE54-9A1E7A4F7556}") = "Service", "Service\Service.csproj", "{D6E9A9AA-44EE-488C-BB5E-239CD33A5921}"
EndProject
Project("{9A19103F-16F7-4668-BE54-9A1E7A4F7556}") = "Service.Contracts", "Service.Contracts\Service.Contracts.csproj", "{AF074F1F-D9B5-484E-9F08-41F810859586}"
EndProject
Project("{9A19103F-16F7-4668-BE54-9A1E7A4F7556}") = "Shared", "Shared\Shared.csproj", "{977DB546-8935-4140-B4A1-C81FEF7975CB}"
EndProject
Project("{9A19103F-16F7-4668-BE54-9A1E7A4F7556}") = "LoggerService", "LoggerService\LoggerService.csproj", "{8F6AD272-CB6A-4310-89AE-5AF97DF6E808}"
EndProject
Global
	GlobalSection(SolutionConfigurationPlatforms) = preSolution
		Debug|Any CPU = Debug|Any CPU
		Release|Any CPU = Release|Any CPU
	EndGlobalSection
	GlobalSection(ProjectConfigurationPlatforms) = postSolution
		{85C91879-6C13-4AFF-9CEE-AC51FFE8484D}.Debug|Any CPU.ActiveCfg = Debug|Any CPU
		{85C91879-6C13-4AFF-9CEE-AC51FFE8484D}.Debug|Any CPU.Build.0 = Debug|Any CPU
		{85C91879-6C13-4AFF-9CEE-AC51FFE8484D}.Release|Any CPU.ActiveCfg = Release|Any CPU
		{85C91879-6C13-4AFF-9CEE-AC51FFE8484D}.Release|Any CPU.Build.0 = Release|Any CPU
		{1D095E15-7524-456D-B23B-A420D8631975}.Debug|Any CPU.ActiveCfg = Debug|Any CPU
		{1D095E15-7524-456D-B23B-A420D8631975}.Debug|Any CPU.Build.0 = Debug|Any CPU
		{1D095E15-7524-456D-B23B-A420D8631975}.Release|Any CPU.ActiveCfg = Release|Any CPU
		{1D095E15-7524-456D-B23B-A420D8631975}.Release|Any CPU.Build.0 = Release|Any CPU
		{9E45F8B4-EADC-4C35-A85C-7446CAD98606}.Debug|Any CPU.ActiveCfg = Debug|Any CPU
		{9E45F8B4-EADC-4C35-A85C-7446CAD98606}.Debug|Any CPU.Build.0 = Debug|Any CPU
		{9E45F8B4-EADC-4C35-A85C-7446CAD98606}.Release|Any CPU.ActiveCfg = Release|Any CPU
		{9E45F8B4-EADC-4C35-A85C-7446CAD98606}.Release|Any CPU.Build.0 = Release|Any CPU
		{8F016D98-B9EA-4EF8-B0F1-8D9B6FB5835E}.Debug|Any CPU.ActiveCfg = Debug|Any CPU
		{8F016D98-B9EA-4EF8-B0F1-8D9B6FB5835E}.Debug|Any CPU.Build.0 = Debug|Any CPU
		{8F016D98-B9EA-4EF8-B0F1-8D9B6FB5835E}.Release|Any CPU.ActiveCfg = Release|Any CPU
		{8F016D98-B9EA-4EF8-B0F1-8D9B6FB5835E}.Release|Any CPU.Build.0 = Release|Any CPU
		{D6E9A9AA-44EE-488C-BB5E-239CD33A5921}.Debug|Any CPU.ActiveCfg = Debug|Any CPU
		{D6E9A9AA-44EE-488C-BB5E-239CD33A5921}.Debug|Any CPU.Build.0 = Debug|Any CPU
		{D6E9A9AA-44EE-488C-BB5E-239CD33A5921}.Release|Any CPU.ActiveCfg = Release|Any CPU
		{D6E9A9AA-44EE-488C-BB5E-239CD33A5921}.Release|Any CPU.Build.0 = Release|Any CPU
		{AF074F1F-D9B5-484E-9F08-41F810859586}.Debug|Any CPU.ActiveCfg = Debug|Any CPU
		{AF074F1F-D9B5-484E-9F08-41F810859586}.Debug|Any CPU.Build.0 = Debug|Any CPU
		{AF074F1F-D9B5-484E-9F08-41F810859586}.Release|Any CPU.ActiveCfg = Release|Any CPU
		{AF074F1F-D9B5-484E-9F08-41F810859586}.Release|Any CPU.Build.0 = Release|Any CPU
		{977DB546-8935-4140-B4A1-C81FEF7975CB}.Debug|Any CPU.ActiveCfg = Debug|Any CPU
		{977DB546-8935-4140-B4A1-C81FEF7975CB}.Debug|Any CPU.Build.0 = Debug|Any CPU
		{977DB546-8935-4140-B4A1-C81FEF7975CB}.Release|Any CPU.ActiveCfg = Release|Any CPU
		{977DB546-8935-4140-B4A1-C81FEF7975CB}.Release|Any CPU.Build.0 = Release|Any CPU
		{8F6AD272-CB6A-4310-89AE-5AF97DF6E808}.Debug|Any CPU.ActiveCfg = Debug|Any CPU
		{8F6AD272-CB6A-4310-89AE-5AF97DF6E808}.Debug|Any CPU.Build.0 = Debug|Any CPU
		{8F6AD272-CB6A-4310-89AE-5AF97DF6E808}.Release|Any CPU.ActiveCfg = Release|Any CPU
		{8F6AD272-CB6A-4310-89AE-5AF97DF6E808}.Release|Any CPU.Build.0 = Release|Any CPU
	EndGlobalSection
	GlobalSection(SolutionProperties) = preSolution
		HideSolutionNode = FALSE
	EndGlobalSection
	GlobalSection(ExtensibilityGlobals) = postSolution
		SolutionGuid = {354121F5-4342-482E-8B7E-E95E97AEF61B}
	EndGlobalSection
EndGlobal
